// !$*UTF8*$!
{
	archiveVersion = 1;
	classes = {
	};
	objectVersion = 55;
	objects = {

/* Begin PBXBuildFile section */
		25C9BFBA9C655B72E25AF0F0 /* Pods_Test_Unsplash_App.framework in Frameworks */ = {isa = PBXBuildFile; fileRef = 494C94BF0F172B5FEFDB72B5 /* Pods_Test_Unsplash_App.framework */; };
		4E0AE01C29661551002FD4B7 /* AppDelegate.swift in Sources */ = {isa = PBXBuildFile; fileRef = 4E0AE01B29661551002FD4B7 /* AppDelegate.swift */; };
		4E0AE02629661551002FD4B7 /* Test_Unsplash_App.xcdatamodeld in Sources */ = {isa = PBXBuildFile; fileRef = 4E0AE02429661551002FD4B7 /* Test_Unsplash_App.xcdatamodeld */; };
		4E0AE02829661552002FD4B7 /* Assets.xcassets in Resources */ = {isa = PBXBuildFile; fileRef = 4E0AE02729661552002FD4B7 /* Assets.xcassets */; };
		4E0AE02B29661552002FD4B7 /* LaunchScreen.storyboard in Resources */ = {isa = PBXBuildFile; fileRef = 4E0AE02929661552002FD4B7 /* LaunchScreen.storyboard */; };
/* End PBXBuildFile section */

/* Begin PBXFileReference section */
		494C94BF0F172B5FEFDB72B5 /* Pods_Test_Unsplash_App.framework */ = {isa = PBXFileReference; explicitFileType = wrapper.framework; includeInIndex = 0; path = Pods_Test_Unsplash_App.framework; sourceTree = BUILT_PRODUCTS_DIR; };
		4E0AE01829661551002FD4B7 /* Test_Unsplash_App.app */ = {isa = PBXFileReference; explicitFileType = wrapper.application; includeInIndex = 0; path = Test_Unsplash_App.app; sourceTree = BUILT_PRODUCTS_DIR; };
		4E0AE01B29661551002FD4B7 /* AppDelegate.swift */ = {isa = PBXFileReference; lastKnownFileType = sourcecode.swift; path = AppDelegate.swift; sourceTree = "<group>"; };
		4E0AE02529661551002FD4B7 /* Test_Unsplash_App.xcdatamodel */ = {isa = PBXFileReference; lastKnownFileType = wrapper.xcdatamodel; path = Test_Unsplash_App.xcdatamodel; sourceTree = "<group>"; };
		4E0AE02729661552002FD4B7 /* Assets.xcassets */ = {isa = PBXFileReference; lastKnownFileType = folder.assetcatalog; path = Assets.xcassets; sourceTree = "<group>"; };
		4E0AE02A29661552002FD4B7 /* Base */ = {isa = PBXFileReference; lastKnownFileType = file.storyboard; name = Base; path = Base.lproj/LaunchScreen.storyboard; sourceTree = "<group>"; };
		4E0AE02C29661552002FD4B7 /* Info.plist */ = {isa = PBXFileReference; lastKnownFileType = text.plist.xml; path = Info.plist; sourceTree = "<group>"; };
		5D4FE615D563A61EC3D91FBE /* Pods-Test_Unsplash_App.release.xcconfig */ = {isa = PBXFileReference; includeInIndex = 1; lastKnownFileType = text.xcconfig; name = "Pods-Test_Unsplash_App.release.xcconfig"; path = "Target Support Files/Pods-Test_Unsplash_App/Pods-Test_Unsplash_App.release.xcconfig"; sourceTree = "<group>"; };
		D089E61B17F77F09E8A0373B /* Pods-Test_Unsplash_App.debug.xcconfig */ = {isa = PBXFileReference; includeInIndex = 1; lastKnownFileType = text.xcconfig; name = "Pods-Test_Unsplash_App.debug.xcconfig"; path = "Target Support Files/Pods-Test_Unsplash_App/Pods-Test_Unsplash_App.debug.xcconfig"; sourceTree = "<group>"; };
/* End PBXFileReference section */

/* Begin PBXFrameworksBuildPhase section */
		4E0AE01529661551002FD4B7 /* Frameworks */ = {
			isa = PBXFrameworksBuildPhase;
			buildActionMask = 2147483647;
			files = (
				25C9BFBA9C655B72E25AF0F0 /* Pods_Test_Unsplash_App.framework in Frameworks */,
			);
			runOnlyForDeploymentPostprocessing = 0;
		};
/* End PBXFrameworksBuildPhase section */

/* Begin PBXGroup section */
		17ED3C293803BB740EACD3C2 /* Pods */ = {
			isa = PBXGroup;
			children = (
				D089E61B17F77F09E8A0373B /* Pods-Test_Unsplash_App.debug.xcconfig */,
				5D4FE615D563A61EC3D91FBE /* Pods-Test_Unsplash_App.release.xcconfig */,
			);
			path = Pods;
			sourceTree = "<group>";
		};
		1BBFF8190FDFEE8B42DE6E49 /* Frameworks */ = {
			isa = PBXGroup;
			children = (
				494C94BF0F172B5FEFDB72B5 /* Pods_Test_Unsplash_App.framework */,
			);
			name = Frameworks;
			sourceTree = "<group>";
		};
		4E0AE00F29661551002FD4B7 = {
			isa = PBXGroup;
			children = (
				4E0AE01A29661551002FD4B7 /* Test_Unsplash_App */,
				4E0AE01929661551002FD4B7 /* Products */,
				17ED3C293803BB740EACD3C2 /* Pods */,
				1BBFF8190FDFEE8B42DE6E49 /* Frameworks */,
			);
			sourceTree = "<group>";
		};
		4E0AE01929661551002FD4B7 /* Products */ = {
			isa = PBXGroup;
			children = (
				4E0AE01829661551002FD4B7 /* Test_Unsplash_App.app */,
			);
			name = Products;
			sourceTree = "<group>";
		};
		4E0AE01A29661551002FD4B7 /* Test_Unsplash_App */ = {
			isa = PBXGroup;
			children = (
				4EB8B74829661DA10075CF15 /* DetailView */,
				4EB8B74729661D960075CF15 /* FavoriteView */,
				4EB8B74629661D410075CF15 /* MainView */,
				4EB8B74529661C4F0075CF15 /* Services */,
				4EB8B74429661C420075CF15 /* Application */,
				4EB8B74329661C350075CF15 /* Models */,
				4E0AE02429661551002FD4B7 /* Test_Unsplash_App.xcdatamodeld */,
			);
			path = Test_Unsplash_App;
			sourceTree = "<group>";
		};
		4EB8B74329661C350075CF15 /* Models */ = {
			isa = PBXGroup;
			children = (
			);
			path = Models;
			sourceTree = "<group>";
		};
		4EB8B74429661C420075CF15 /* Application */ = {
			isa = PBXGroup;
			children = (
				4E0AE02729661552002FD4B7 /* Assets.xcassets */,
				4E0AE02929661552002FD4B7 /* LaunchScreen.storyboard */,
				4E0AE02C29661552002FD4B7 /* Info.plist */,
				4E0AE01B29661551002FD4B7 /* AppDelegate.swift */,
			);
			path = Application;
			sourceTree = "<group>";
		};
		4EB8B74529661C4F0075CF15 /* Services */ = {
			isa = PBXGroup;
			children = (
				4EB8B74B29661E340075CF15 /* TapBar */,
				4EB8B74A29661E270075CF15 /* Networking */,
				4EB8B74929661E1B0075CF15 /* StorageManager */,
			);
			path = Services;
			sourceTree = "<group>";
		};
		4EB8B74629661D410075CF15 /* MainView */ = {
			isa = PBXGroup;
			children = (
			);
			path = MainView;
			sourceTree = "<group>";
		};
		4EB8B74729661D960075CF15 /* FavoriteView */ = {
			isa = PBXGroup;
			children = (
			);
			path = FavoriteView;
			sourceTree = "<group>";
		};
		4EB8B74829661DA10075CF15 /* DetailView */ = {
			isa = PBXGroup;
			children = (
			);
			path = DetailView;
			sourceTree = "<group>";
		};
		4EB8B74929661E1B0075CF15 /* StorageManager */ = {
			isa = PBXGroup;
			children = (
			);
			path = StorageManager;
			sourceTree = "<group>";
		};
		4EB8B74A29661E270075CF15 /* Networking */ = {
			isa = PBXGroup;
			children = (
			);
			path = Networking;
			sourceTree = "<group>";
		};
		4EB8B74B29661E340075CF15 /* TapBar */ = {
			isa = PBXGroup;
			children = (
			);
			path = TapBar;
			sourceTree = "<group>";
		};
/* End PBXGroup section */

/* Begin PBXNativeTarget section */
		4E0AE01729661551002FD4B7 /* Test_Unsplash_App */ = {
			isa = PBXNativeTarget;
			buildConfigurationList = 4E0AE02F29661552002FD4B7 /* Build configuration list for PBXNativeTarget "Test_Unsplash_App" */;
			buildPhases = (
				08DD8ABBFFDEE49B0482D229 /* [CP] Check Pods Manifest.lock */,
				4E0AE01429661551002FD4B7 /* Sources */,
				4E0AE01529661551002FD4B7 /* Frameworks */,
				4E0AE01629661551002FD4B7 /* Resources */,
				DF30F716D9400353111FEF3A /* [CP] Embed Pods Frameworks */,
			);
			buildRules = (
			);
			dependencies = (
			);
			name = Test_Unsplash_App;
			productName = Test_Unsplash_App;
			productReference = 4E0AE01829661551002FD4B7 /* Test_Unsplash_App.app */;
			productType = "com.apple.product-type.application";
		};
/* End PBXNativeTarget section */

/* Begin PBXProject section */
		4E0AE01029661551002FD4B7 /* Project object */ = {
			isa = PBXProject;
			attributes = {
				BuildIndependentTargetsInParallel = 1;
				LastSwiftUpdateCheck = 1420;
				LastUpgradeCheck = 1420;
				TargetAttributes = {
					4E0AE01729661551002FD4B7 = {
						CreatedOnToolsVersion = 14.2;
					};
				};
			};
			buildConfigurationList = 4E0AE01329661551002FD4B7 /* Build configuration list for PBXProject "Test_Unsplash_App" */;
			compatibilityVersion = "Xcode 13.0";
			developmentRegion = en;
			hasScannedForEncodings = 0;
			knownRegions = (
				en,
				Base,
			);
			mainGroup = 4E0AE00F29661551002FD4B7;
			productRefGroup = 4E0AE01929661551002FD4B7 /* Products */;
			projectDirPath = "";
			projectRoot = "";
			targets = (
				4E0AE01729661551002FD4B7 /* Test_Unsplash_App */,
			);
		};
/* End PBXProject section */

/* Begin PBXResourcesBuildPhase section */
		4E0AE01629661551002FD4B7 /* Resources */ = {
			isa = PBXResourcesBuildPhase;
			buildActionMask = 2147483647;
			files = (
				4E0AE02B29661552002FD4B7 /* LaunchScreen.storyboard in Resources */,
				4E0AE02829661552002FD4B7 /* Assets.xcassets in Resources */,
			);
			runOnlyForDeploymentPostprocessing = 0;
		};
/* End PBXResourcesBuildPhase section */

/* Begin PBXShellScriptBuildPhase section */
		08DD8ABBFFDEE49B0482D229 /* [CP] Check Pods Manifest.lock */ = {
			isa = PBXShellScriptBuildPhase;
			buildActionMask = 2147483647;
			files = (
			);
			inputFileListPaths = (
			);
			inputPaths = (
				"${PODS_PODFILE_DIR_PATH}/Podfile.lock",
				"${PODS_ROOT}/Manifest.lock",
			);
			name = "[CP] Check Pods Manifest.lock";
			outputFileListPaths = (
			);
			outputPaths = (
				"$(DERIVED_FILE_DIR)/Pods-Test_Unsplash_App-checkManifestLockResult.txt",
			);
			runOnlyForDeploymentPostprocessing = 0;
			shellPath = /bin/sh;
			shellScript = "diff \"${PODS_PODFILE_DIR_PATH}/Podfile.lock\" \"${PODS_ROOT}/Manifest.lock\" > /dev/null\nif [ $? != 0 ] ; then\n    # print error to STDERR\n    echo \"error: The sandbox is not in sync with the Podfile.lock. Run 'pod install' or update your CocoaPods installation.\" >&2\n    exit 1\nfi\n# This output is used by Xcode 'outputs' to avoid re-running this script phase.\necho \"SUCCESS\" > \"${SCRIPT_OUTPUT_FILE_0}\"\n";
			showEnvVarsInLog = 0;
		};
		DF30F716D9400353111FEF3A /* [CP] Embed Pods Frameworks */ = {
			isa = PBXShellScriptBuildPhase;
			buildActionMask = 2147483647;
			files = (
			);
			inputFileListPaths = (
				"${PODS_ROOT}/Target Support Files/Pods-Test_Unsplash_App/Pods-Test_Unsplash_App-frameworks-${CONFIGURATION}-input-files.xcfilelist",
			);
			name = "[CP] Embed Pods Frameworks";
			outputFileListPaths = (
				"${PODS_ROOT}/Target Support Files/Pods-Test_Unsplash_App/Pods-Test_Unsplash_App-frameworks-${CONFIGURATION}-output-files.xcfilelist",
			);
			runOnlyForDeploymentPostprocessing = 0;
			shellPath = /bin/sh;
			shellScript = "\"${PODS_ROOT}/Target Support Files/Pods-Test_Unsplash_App/Pods-Test_Unsplash_App-frameworks.sh\"\n";
			showEnvVarsInLog = 0;
		};
/* End PBXShellScriptBuildPhase section */

/* Begin PBXSourcesBuildPhase section */
		4E0AE01429661551002FD4B7 /* Sources */ = {
			isa = PBXSourcesBuildPhase;
			buildActionMask = 2147483647;
			files = (
				4E0AE01C29661551002FD4B7 /* AppDelegate.swift in Sources */,
				4E0AE02629661551002FD4B7 /* Test_Unsplash_App.xcdatamodeld in Sources */,
			);
			runOnlyForDeploymentPostprocessing = 0;
		};
/* End PBXSourcesBuildPhase section */

/* Begin PBXVariantGroup section */
		4E0AE02929661552002FD4B7 /* LaunchScreen.storyboard */ = {
			isa = PBXVariantGroup;
			children = (
				4E0AE02A29661552002FD4B7 /* Base */,
			);
			name = LaunchScreen.storyboard;
			sourceTree = "<group>";
		};
/* End PBXVariantGroup section */

/* Begin XCBuildConfiguration section */
		4E0AE02D29661552002FD4B7 /* Debug */ = {
			isa = XCBuildConfiguration;
			buildSettings = {
				ALWAYS_SEARCH_USER_PATHS = NO;
				CLANG_ANALYZER_NONNULL = YES;
				CLANG_ANALYZER_NUMBER_OBJECT_CONVERSION = YES_AGGRESSIVE;
				CLANG_CXX_LANGUAGE_STANDARD = "gnu++20";
				CLANG_ENABLE_MODULES = YES;
				CLANG_ENABLE_OBJC_ARC = YES;
				CLANG_ENABLE_OBJC_WEAK = YES;
				CLANG_WARN_BLOCK_CAPTURE_AUTORELEASING = YES;
				CLANG_WARN_BOOL_CONVERSION = YES;
				CLANG_WARN_COMMA = YES;
				CLANG_WARN_CONSTANT_CONVERSION = YES;
				CLANG_WARN_DEPRECATED_OBJC_IMPLEMENTATIONS = YES;
				CLANG_WARN_DIRECT_OBJC_ISA_USAGE = YES_ERROR;
				CLANG_WARN_DOCUMENTATION_COMMENTS = YES;
				CLANG_WARN_EMPTY_BODY = YES;
				CLANG_WARN_ENUM_CONVERSION = YES;
				CLANG_WARN_INFINITE_RECURSION = YES;
				CLANG_WARN_INT_CONVERSION = YES;
				CLANG_WARN_NON_LITERAL_NULL_CONVERSION = YES;
				CLANG_WARN_OBJC_IMPLICIT_RETAIN_SELF = YES;
				CLANG_WARN_OBJC_LITERAL_CONVERSION = YES;
				CLANG_WARN_OBJC_ROOT_CLASS = YES_ERROR;
				CLANG_WARN_QUOTED_INCLUDE_IN_FRAMEWORK_HEADER = YES;
				CLANG_WARN_RANGE_LOOP_ANALYSIS = YES;
				CLANG_WARN_STRICT_PROTOTYPES = YES;
				CLANG_WARN_SUSPICIOUS_MOVE = YES;
				CLANG_WARN_UNGUARDED_AVAILABILITY = YES_AGGRESSIVE;
				CLANG_WARN_UNREACHABLE_CODE = YES;
				CLANG_WARN__DUPLICATE_METHOD_MATCH = YES;
				COPY_PHASE_STRIP = NO;
				DEBUG_INFORMATION_FORMAT = dwarf;
				ENABLE_STRICT_OBJC_MSGSEND = YES;
				ENABLE_TESTABILITY = YES;
				GCC_C_LANGUAGE_STANDARD = gnu11;
				GCC_DYNAMIC_NO_PIC = NO;
				GCC_NO_COMMON_BLOCKS = YES;
				GCC_OPTIMIZATION_LEVEL = 0;
				GCC_PREPROCESSOR_DEFINITIONS = (
					"DEBUG=1",
					"$(inherited)",
				);
				GCC_WARN_64_TO_32_BIT_CONVERSION = YES;
				GCC_WARN_ABOUT_RETURN_TYPE = YES_ERROR;
				GCC_WARN_UNDECLARED_SELECTOR = YES;
				GCC_WARN_UNINITIALIZED_AUTOS = YES_AGGRESSIVE;
				GCC_WARN_UNUSED_FUNCTION = YES;
				GCC_WARN_UNUSED_VARIABLE = YES;
				IPHONEOS_DEPLOYMENT_TARGET = 16.2;
				MTL_ENABLE_DEBUG_INFO = INCLUDE_SOURCE;
				MTL_FAST_MATH = YES;
				ONLY_ACTIVE_ARCH = YES;
				SDKROOT = iphoneos;
				SWIFT_ACTIVE_COMPILATION_CONDITIONS = DEBUG;
				SWIFT_OPTIMIZATION_LEVEL = "-Onone";
			};
			name = Debug;
		};
		4E0AE02E29661552002FD4B7 /* Release */ = {
			isa = XCBuildConfiguration;
			buildSettings = {
				ALWAYS_SEARCH_USER_PATHS = NO;
				CLANG_ANALYZER_NONNULL = YES;
				CLANG_ANALYZER_NUMBER_OBJECT_CONVERSION = YES_AGGRESSIVE;
				CLANG_CXX_LANGUAGE_STANDARD = "gnu++20";
				CLANG_ENABLE_MODULES = YES;
				CLANG_ENABLE_OBJC_ARC = YES;
				CLANG_ENABLE_OBJC_WEAK = YES;
				CLANG_WARN_BLOCK_CAPTURE_AUTORELEASING = YES;
				CLANG_WARN_BOOL_CONVERSION = YES;
				CLANG_WARN_COMMA = YES;
				CLANG_WARN_CONSTANT_CONVERSION = YES;
				CLANG_WARN_DEPRECATED_OBJC_IMPLEMENTATIONS = YES;
				CLANG_WARN_DIRECT_OBJC_ISA_USAGE = YES_ERROR;
				CLANG_WARN_DOCUMENTATION_COMMENTS = YES;
				CLANG_WARN_EMPTY_BODY = YES;
				CLANG_WARN_ENUM_CONVERSION = YES;
				CLANG_WARN_INFINITE_RECURSION = YES;
				CLANG_WARN_INT_CONVERSION = YES;
				CLANG_WARN_NON_LITERAL_NULL_CONVERSION = YES;
				CLANG_WARN_OBJC_IMPLICIT_RETAIN_SELF = YES;
				CLANG_WARN_OBJC_LITERAL_CONVERSION = YES;
				CLANG_WARN_OBJC_ROOT_CLASS = YES_ERROR;
				CLANG_WARN_QUOTED_INCLUDE_IN_FRAMEWORK_HEADER = YES;
				CLANG_WARN_RANGE_LOOP_ANALYSIS = YES;
				CLANG_WARN_STRICT_PROTOTYPES = YES;
				CLANG_WARN_SUSPICIOUS_MOVE = YES;
				CLANG_WARN_UNGUARDED_AVAILABILITY = YES_AGGRESSIVE;
				CLANG_WARN_UNREACHABLE_CODE = YES;
				CLANG_WARN__DUPLICATE_METHOD_MATCH = YES;
				COPY_PHASE_STRIP = NO;
				DEBUG_INFORMATION_FORMAT = "dwarf-with-dsym";
				ENABLE_NS_ASSERTIONS = NO;
				ENABLE_STRICT_OBJC_MSGSEND = YES;
				GCC_C_LANGUAGE_STANDARD = gnu11;
				GCC_NO_COMMON_BLOCKS = YES;
				GCC_WARN_64_TO_32_BIT_CONVERSION = YES;
				GCC_WARN_ABOUT_RETURN_TYPE = YES_ERROR;
				GCC_WARN_UNDECLARED_SELECTOR = YES;
				GCC_WARN_UNINITIALIZED_AUTOS = YES_AGGRESSIVE;
				GCC_WARN_UNUSED_FUNCTION = YES;
				GCC_WARN_UNUSED_VARIABLE = YES;
				IPHONEOS_DEPLOYMENT_TARGET = 16.2;
				MTL_ENABLE_DEBUG_INFO = NO;
				MTL_FAST_MATH = YES;
				SDKROOT = iphoneos;
				SWIFT_COMPILATION_MODE = wholemodule;
				SWIFT_OPTIMIZATION_LEVEL = "-O";
				VALIDATE_PRODUCT = YES;
			};
			name = Release;
		};
		4E0AE03029661552002FD4B7 /* Debug */ = {
			isa = XCBuildConfiguration;
			baseConfigurationReference = D089E61B17F77F09E8A0373B /* Pods-Test_Unsplash_App.debug.xcconfig */;
			buildSettings = {
				ASSETCATALOG_COMPILER_APPICON_NAME = AppIcon;
				ASSETCATALOG_COMPILER_GLOBAL_ACCENT_COLOR_NAME = AccentColor;
				CODE_SIGN_STYLE = Automatic;
				CURRENT_PROJECT_VERSION = 1;
				DEVELOPMENT_TEAM = K9998L29ZT;
				GENERATE_INFOPLIST_FILE = YES;
				INFOPLIST_FILE = Test_Unsplash_App/Application/Info.plist;
				INFOPLIST_KEY_UIApplicationSupportsIndirectInputEvents = YES;
				INFOPLIST_KEY_UILaunchStoryboardName = LaunchScreen;
				INFOPLIST_KEY_UIMainStoryboardFile = Main;
				INFOPLIST_KEY_UISupportedInterfaceOrientations = UIInterfaceOrientationPortrait;
				INFOPLIST_KEY_UISupportedInterfaceOrientations_iPad = "UIInterfaceOrientationLandscapeLeft UIInterfaceOrientationLandscapeRight UIInterfaceOrientationPortrait UIInterfaceOrientationPortraitUpsideDown";
				LD_RUNPATH_SEARCH_PATHS = (
					"$(inherited)",
					"@executable_path/Frameworks",
				);
				MARKETING_VERSION = 1.0;
				PRODUCT_BUNDLE_IDENTIFIER = "MikhailSvetlov.Test-Unsplash-App";
				PRODUCT_NAME = "$(TARGET_NAME)";
				SWIFT_EMIT_LOC_STRINGS = YES;
				SWIFT_VERSION = 5.0;
				TARGETED_DEVICE_FAMILY = "1,2";
			};
			name = Debug;
		};
		4E0AE03129661552002FD4B7 /* Release */ = {
			isa = XCBuildConfiguration;
			baseConfigurationReference = 5D4FE615D563A61EC3D91FBE /* Pods-Test_Unsplash_App.release.xcconfig */;
			buildSettings = {
				ASSETCATALOG_COMPILER_APPICON_NAME = AppIcon;
				ASSETCATALOG_COMPILER_GLOBAL_ACCENT_COLOR_NAME = AccentColor;
				CODE_SIGN_STYLE = Automatic;
				CURRENT_PROJECT_VERSION = 1;
				DEVELOPMENT_TEAM = K9998L29ZT;
				GENERATE_INFOPLIST_FILE = YES;
				INFOPLIST_FILE = Test_Unsplash_App/Application/Info.plist;
				INFOPLIST_KEY_UIApplicationSupportsIndirectInputEvents = YES;
				INFOPLIST_KEY_UILaunchStoryboardName = LaunchScreen;
				INFOPLIST_KEY_UIMainStoryboardFile = Main;
				INFOPLIST_KEY_UISupportedInterfaceOrientations = UIInterfaceOrientationPortrait;
				INFOPLIST_KEY_UISupportedInterfaceOrientations_iPad = "UIInterfaceOrientationLandscapeLeft UIInterfaceOrientationLandscapeRight UIInterfaceOrientationPortrait UIInterfaceOrientationPortraitUpsideDown";
				LD_RUNPATH_SEARCH_PATHS = (
					"$(inherited)",
					"@executable_path/Frameworks",
				);
				MARKETING_VERSION = 1.0;
				PRODUCT_BUNDLE_IDENTIFIER = "MikhailSvetlov.Test-Unsplash-App";
				PRODUCT_NAME = "$(TARGET_NAME)";
				SWIFT_EMIT_LOC_STRINGS = YES;
				SWIFT_VERSION = 5.0;
				TARGETED_DEVICE_FAMILY = "1,2";
			};
			name = Release;
		};
/* End XCBuildConfiguration section */

/* Begin XCConfigurationList section */
		4E0AE01329661551002FD4B7 /* Build configuration list for PBXProject "Test_Unsplash_App" */ = {
			isa = XCConfigurationList;
			buildConfigurations = (
				4E0AE02D29661552002FD4B7 /* Debug */,
				4E0AE02E29661552002FD4B7 /* Release */,
			);
			defaultConfigurationIsVisible = 0;
			defaultConfigurationName = Release;
		};
		4E0AE02F29661552002FD4B7 /* Build configuration list for PBXNativeTarget "Test_Unsplash_App" */ = {
			isa = XCConfigurationList;
			buildConfigurations = (
				4E0AE03029661552002FD4B7 /* Debug */,
				4E0AE03129661552002FD4B7 /* Release */,
			);
			defaultConfigurationIsVisible = 0;
			defaultConfigurationName = Release;
		};
/* End XCConfigurationList section */

/* Begin XCVersionGroup section */
		4E0AE02429661551002FD4B7 /* Test_Unsplash_App.xcdatamodeld */ = {
			isa = XCVersionGroup;
			children = (
				4E0AE02529661551002FD4B7 /* Test_Unsplash_App.xcdatamodel */,
			);
			currentVersion = 4E0AE02529661551002FD4B7 /* Test_Unsplash_App.xcdatamodel */;
			path = Test_Unsplash_App.xcdatamodeld;
			sourceTree = "<group>";
			versionGroupType = wrapper.xcdatamodel;
		};
/* End XCVersionGroup section */
	};
	rootObject = 4E0AE01029661551002FD4B7 /* Project object */;
}
